{
  "name": "@solana-wallet/anchor",
  "version": "0.0.1",
  "lockfileVersion": 2,
  "requires": true,
  "packages": {
    "": {
      "name": "@solana-wallet/anchor",
      "version": "0.0.1",
      "dependencies": {
        "@solana-wallet/anchor": "file:"
      }
    },
    "node_modules/@solana-wallet/anchor": {
      "resolved": "",
      "link": true
    }
  },
  "dependencies": {
    "@solana-wallet/anchor": {
      "version": "file:",
      "requires": {
        "@solana-wallet/anchor": "file:"
      }
    }
  }
}
